// !$*UTF8*$!
{
	archiveVersion = 1;
	classes = {
	};
	objectVersion = 50;
	objects = {

/* Begin PBXBuildFile section */
		DF1E6A6024F53AE7002F4DE5 /* Array+Extension.swift in Sources */ = {isa = PBXBuildFile; fileRef = DF1E6A5F24F53AE7002F4DE5 /* Array+Extension.swift */; };
		DF1E6A6224F53BC7002F4DE5 /* LocationDelegateMock.swift in Sources */ = {isa = PBXBuildFile; fileRef = DF1E6A6124F53BC7002F4DE5 /* LocationDelegateMock.swift */; };
		DF294D9F24F0219C008200C2 /* AppDelegate.swift in Sources */ = {isa = PBXBuildFile; fileRef = DF294D9E24F0219C008200C2 /* AppDelegate.swift */; };
		DF294DA824F0219F008200C2 /* Assets.xcassets in Resources */ = {isa = PBXBuildFile; fileRef = DF294DA724F0219F008200C2 /* Assets.xcassets */; };
		DF294DAB24F0219F008200C2 /* LaunchScreen.storyboard in Resources */ = {isa = PBXBuildFile; fileRef = DF294DA924F0219F008200C2 /* LaunchScreen.storyboard */; };
		DF294DC324F0268F008200C2 /* CityDTO.swift in Sources */ = {isa = PBXBuildFile; fileRef = DF294DC224F0268F008200C2 /* CityDTO.swift */; };
		DF294DC624F027A0008200C2 /* city.list.min.json in Resources */ = {isa = PBXBuildFile; fileRef = DF294DC524F027A0008200C2 /* city.list.min.json */; };
		DF294DC824F027B1008200C2 /* SelectLocationViewController.swift in Sources */ = {isa = PBXBuildFile; fileRef = DF294DC724F027B1008200C2 /* SelectLocationViewController.swift */; };
		DF294DCD24F02800008200C2 /* SelectLocationViewModel.swift in Sources */ = {isa = PBXBuildFile; fileRef = DF294DCC24F02800008200C2 /* SelectLocationViewModel.swift */; };
		DF294DD024F02821008200C2 /* CityProvider.swift in Sources */ = {isa = PBXBuildFile; fileRef = DF294DCF24F02821008200C2 /* CityProvider.swift */; };
		DF2D573D24F16FB900C4CFC3 /* CityDataSource.swift in Sources */ = {isa = PBXBuildFile; fileRef = DF2D573C24F16FB900C4CFC3 /* CityDataSource.swift */; };
		DF2D574224F27E1600C4CFC3 /* FileCityProvider.swift in Sources */ = {isa = PBXBuildFile; fileRef = DF2D574124F27E1600C4CFC3 /* FileCityProvider.swift */; };
		DF2D574424F27E4400C4CFC3 /* CityDataSourceImpl.swift in Sources */ = {isa = PBXBuildFile; fileRef = DF2D574324F27E4400C4CFC3 /* CityDataSourceImpl.swift */; };
		DF2D574824F28FAD00C4CFC3 /* SelectLocationCellViewModel.swift in Sources */ = {isa = PBXBuildFile; fileRef = DF2D574724F28FAD00C4CFC3 /* SelectLocationCellViewModel.swift */; };
		DF2D574D24F295CD00C4CFC3 /* SnapKit.framework in Frameworks */ = {isa = PBXBuildFile; fileRef = DF2D574A24F295CD00C4CFC3 /* SnapKit.framework */; };
		DF2D574F24F295CD00C4CFC3 /* RxCocoa.framework in Frameworks */ = {isa = PBXBuildFile; fileRef = DF2D574B24F295CD00C4CFC3 /* RxCocoa.framework */; };
		DF2D575124F295CD00C4CFC3 /* RxSwift.framework in Frameworks */ = {isa = PBXBuildFile; fileRef = DF2D574C24F295CD00C4CFC3 /* RxSwift.framework */; };
		DF2D575A24F29D5800C4CFC3 /* LocationWeatherViewModel.swift in Sources */ = {isa = PBXBuildFile; fileRef = DF2D575924F29D5800C4CFC3 /* LocationWeatherViewModel.swift */; };
		DF2D575C24F29D6B00C4CFC3 /* LocationWeatherViewController.swift in Sources */ = {isa = PBXBuildFile; fileRef = DF2D575B24F29D6B00C4CFC3 /* LocationWeatherViewController.swift */; };
		DF56065824F2B128001CA1FB /* RecentlyViewedCitiesProvider.swift in Sources */ = {isa = PBXBuildFile; fileRef = DF56065724F2B128001CA1FB /* RecentlyViewedCitiesProvider.swift */; };
		DF56065A24F2B15B001CA1FB /* UserDefaultsRecentlyViewedCitiesProvider.swift in Sources */ = {isa = PBXBuildFile; fileRef = DF56065924F2B15B001CA1FB /* UserDefaultsRecentlyViewedCitiesProvider.swift */; };
		DF56066124F2C20D001CA1FB /* RecentLocationsViewController.swift in Sources */ = {isa = PBXBuildFile; fileRef = DF56066024F2C20D001CA1FB /* RecentLocationsViewController.swift */; };
		DF56066324F2C257001CA1FB /* RecentLocationsViewModel.swift in Sources */ = {isa = PBXBuildFile; fileRef = DF56066224F2C257001CA1FB /* RecentLocationsViewModel.swift */; };
		DF56066524F2C3E6001CA1FB /* RecentLocationCellViewModel.swift in Sources */ = {isa = PBXBuildFile; fileRef = DF56066424F2C3E6001CA1FB /* RecentLocationCellViewModel.swift */; };
		DF56066724F2C6C6001CA1FB /* RecentLocationTableCell.swift in Sources */ = {isa = PBXBuildFile; fileRef = DF56066624F2C6C6001CA1FB /* RecentLocationTableCell.swift */; };
		DF56066924F2DB91001CA1FB /* WeatherAPIClient.swift in Sources */ = {isa = PBXBuildFile; fileRef = DF56066824F2DB91001CA1FB /* WeatherAPIClient.swift */; };
		DF56066C24F2DF02001CA1FB /* CurrentWeatherDTO.swift in Sources */ = {isa = PBXBuildFile; fileRef = DF56066B24F2DF02001CA1FB /* CurrentWeatherDTO.swift */; };
		DF56066E24F2E689001CA1FB /* CurrentWeather.swift in Sources */ = {isa = PBXBuildFile; fileRef = DF56066D24F2E689001CA1FB /* CurrentWeather.swift */; };
		DF56067024F2E7DE001CA1FB /* NetworkWeatherAPIClient.swift in Sources */ = {isa = PBXBuildFile; fileRef = DF56066F24F2E7DE001CA1FB /* NetworkWeatherAPIClient.swift */; };
		DF56067224F3C3FF001CA1FB /* LocationWeatherData.swift in Sources */ = {isa = PBXBuildFile; fileRef = DF56067124F3C3FF001CA1FB /* LocationWeatherData.swift */; };
		DF56067424F3E762001CA1FB /* WeatherIconProvider.swift in Sources */ = {isa = PBXBuildFile; fileRef = DF56067324F3E762001CA1FB /* WeatherIconProvider.swift */; };
		DF56067624F3E9F2001CA1FB /* NetworkWeatherIconProvider.swift in Sources */ = {isa = PBXBuildFile; fileRef = DF56067524F3E9F2001CA1FB /* NetworkWeatherIconProvider.swift */; };
		DF56067824F406EB001CA1FB /* Coordinates.swift in Sources */ = {isa = PBXBuildFile; fileRef = DF56067724F406EB001CA1FB /* Coordinates.swift */; };
		DF56067B24F40713001CA1FB /* String+Extensions.swift in Sources */ = {isa = PBXBuildFile; fileRef = DF56067A24F40713001CA1FB /* String+Extensions.swift */; };
		DF56067D24F4071D001CA1FB /* Date+Extensions.swift in Sources */ = {isa = PBXBuildFile; fileRef = DF56067C24F4071D001CA1FB /* Date+Extensions.swift */; };
		DF56067F24F40726001CA1FB /* URLSession+Extensions.swift in Sources */ = {isa = PBXBuildFile; fileRef = DF56067E24F40726001CA1FB /* URLSession+Extensions.swift */; };
		DF56068124F40733001CA1FB /* UITableViewCell+Extensions.swift in Sources */ = {isa = PBXBuildFile; fileRef = DF56068024F40732001CA1FB /* UITableViewCell+Extensions.swift */; };
		DF6956B524F5233300AE02FF /* WeatherIconImageSetService.swift in Sources */ = {isa = PBXBuildFile; fileRef = DF6956B424F5233300AE02FF /* WeatherIconImageSetService.swift */; };
		DF6956BA24F526CA00AE02FF /* LocationWeatherViewModelTests.swift in Sources */ = {isa = PBXBuildFile; fileRef = DF6956B924F526CA00AE02FF /* LocationWeatherViewModelTests.swift */; };
		DF6956BD24F5346400AE02FF /* SelectLocationViewModelTests.swift in Sources */ = {isa = PBXBuildFile; fileRef = DF6956BC24F5346400AE02FF /* SelectLocationViewModelTests.swift */; };
		DF6956BF24F534CD00AE02FF /* CityDataSourceMock.swift in Sources */ = {isa = PBXBuildFile; fileRef = DF6956BE24F534CD00AE02FF /* CityDataSourceMock.swift */; };
		DF9CFCAA24F40E5C0004C6FA /* FakeWeatherAPIClient.swift in Sources */ = {isa = PBXBuildFile; fileRef = DF9CFCA924F40E5C0004C6FA /* FakeWeatherAPIClient.swift */; };
		DF9CFCAC24F430890004C6FA /* DetailForecastDTO.swift in Sources */ = {isa = PBXBuildFile; fileRef = DF9CFCAB24F430890004C6FA /* DetailForecastDTO.swift */; };
		DF9CFCAE24F4326D0004C6FA /* WeatherForecast.swift in Sources */ = {isa = PBXBuildFile; fileRef = DF9CFCAD24F4326D0004C6FA /* WeatherForecast.swift */; };
		DF9CFCB024F4403B0004C6FA /* HourlyForecastCellViewModel.swift in Sources */ = {isa = PBXBuildFile; fileRef = DF9CFCAF24F4403B0004C6FA /* HourlyForecastCellViewModel.swift */; };
		DF9CFCB224F448190004C6FA /* HourlyForecastTableCell.swift in Sources */ = {isa = PBXBuildFile; fileRef = DF9CFCB124F448190004C6FA /* HourlyForecastTableCell.swift */; };
		DF9CFCB424F45B310004C6FA /* DailyForecastCellViewModel.swift in Sources */ = {isa = PBXBuildFile; fileRef = DF9CFCB324F45B310004C6FA /* DailyForecastCellViewModel.swift */; };
		DF9CFCB624F45B620004C6FA /* DailyForecastTableCell.swift in Sources */ = {isa = PBXBuildFile; fileRef = DF9CFCB524F45B620004C6FA /* DailyForecastTableCell.swift */; };
		DF9CFCB824F45C7C0004C6FA /* CurrentForecastCellViewModel.swift in Sources */ = {isa = PBXBuildFile; fileRef = DF9CFCB724F45C7C0004C6FA /* CurrentForecastCellViewModel.swift */; };
		DF9CFCBA24F45CCB0004C6FA /* CurrentForecastTableCell.swift in Sources */ = {isa = PBXBuildFile; fileRef = DF9CFCB924F45CCB0004C6FA /* CurrentForecastTableCell.swift */; };
		DF9CFCBC24F45E6E0004C6FA /* AnyTableCellViewModel.swift in Sources */ = {isa = PBXBuildFile; fileRef = DF9CFCBB24F45E6E0004C6FA /* AnyTableCellViewModel.swift */; };
		DF9CFCBE24F45E840004C6FA /* AnyTableCell.swift in Sources */ = {isa = PBXBuildFile; fileRef = DF9CFCBD24F45E840004C6FA /* AnyTableCell.swift */; };
		DF9CFCC024F45EA50004C6FA /* ForecastDateManager.swift in Sources */ = {isa = PBXBuildFile; fileRef = DF9CFCBF24F45EA50004C6FA /* ForecastDateManager.swift */; };
		DF9CFCC224F4680F0004C6FA /* ForecastSectionHeaderView.swift in Sources */ = {isa = PBXBuildFile; fileRef = DF9CFCC124F4680F0004C6FA /* ForecastSectionHeaderView.swift */; };
		DF9CFCC624F48A9C0004C6FA /* WeatherForecastSection.swift in Sources */ = {isa = PBXBuildFile; fileRef = DF9CFCC524F48A9C0004C6FA /* WeatherForecastSection.swift */; };
		DF9CFCC824F4915A0004C6FA /* BasicWeatherDataCell.swift in Sources */ = {isa = PBXBuildFile; fileRef = DF9CFCC724F4915A0004C6FA /* BasicWeatherDataCell.swift */; };
		DF9CFCCA24F492130004C6FA /* BasicWeatherCellViewModel.swift in Sources */ = {isa = PBXBuildFile; fileRef = DF9CFCC924F492130004C6FA /* BasicWeatherCellViewModel.swift */; };
		DFB9DE3224F4F1B900CF67C1 /* FileCityProviderTests.swift in Sources */ = {isa = PBXBuildFile; fileRef = DFB9DE3124F4F1B900CF67C1 /* FileCityProviderTests.swift */; };
		DFB9DE3524F4F2E000CF67C1 /* testCities.json in Resources */ = {isa = PBXBuildFile; fileRef = DFB9DE3424F4F2E000CF67C1 /* testCities.json */; };
		DFD809EA24F6ACA900D1C28F /* CLLocationService.swift in Sources */ = {isa = PBXBuildFile; fileRef = DFD809E924F6ACA900D1C28F /* CLLocationService.swift */; };
		DFED97B224F6B47D005583D0 /* LocationService.swift in Sources */ = {isa = PBXBuildFile; fileRef = DFED97B124F6B47D005583D0 /* LocationService.swift */; };
		DFED97B424F6C7B2005583D0 /* LocationServiceMock.swift in Sources */ = {isa = PBXBuildFile; fileRef = DFED97B324F6C7B2005583D0 /* LocationServiceMock.swift */; };
		DFED97B824F6E639005583D0 /* UIAlertController+Extensions.swift in Sources */ = {isa = PBXBuildFile; fileRef = DFED97B724F6E639005583D0 /* UIAlertController+Extensions.swift */; };
		DFF6D6CC24F4FA1F008785B9 /* CityDataSourceImplTests.swift in Sources */ = {isa = PBXBuildFile; fileRef = DFF6D6CB24F4FA1F008785B9 /* CityDataSourceImplTests.swift */; };
		DFF6D6D024F4FEB9008785B9 /* CityProviderMock.swift in Sources */ = {isa = PBXBuildFile; fileRef = DFF6D6CF24F4FEB9008785B9 /* CityProviderMock.swift */; };
		DFF6D6D224F4FF66008785B9 /* UserDefaultRecentlyViewedCitiesProviderTests.swift in Sources */ = {isa = PBXBuildFile; fileRef = DFF6D6D124F4FF66008785B9 /* UserDefaultRecentlyViewedCitiesProviderTests.swift */; };
		DFF6D6D424F50396008785B9 /* ForecastDateManagerTests.swift in Sources */ = {isa = PBXBuildFile; fileRef = DFF6D6D324F50396008785B9 /* ForecastDateManagerTests.swift */; };
		DFF6D6D624F5089E008785B9 /* CurrentWeatherMainDTO.swift in Sources */ = {isa = PBXBuildFile; fileRef = DFF6D6D524F5089E008785B9 /* CurrentWeatherMainDTO.swift */; };
		DFF6D6D824F508C1008785B9 /* WindDTO.swift in Sources */ = {isa = PBXBuildFile; fileRef = DFF6D6D724F508C1008785B9 /* WindDTO.swift */; };
		DFF6D6DA24F508D6008785B9 /* CloudsDTO.swift in Sources */ = {isa = PBXBuildFile; fileRef = DFF6D6D924F508D6008785B9 /* CloudsDTO.swift */; };
		DFF6D6DC24F508E9008785B9 /* WeatherConditionDTO.swift in Sources */ = {isa = PBXBuildFile; fileRef = DFF6D6DB24F508E9008785B9 /* WeatherConditionDTO.swift */; };
		DFF6D6DE24F50908008785B9 /* DetailForecastDataDTO.swift in Sources */ = {isa = PBXBuildFile; fileRef = DFF6D6DD24F50908008785B9 /* DetailForecastDataDTO.swift */; };
		DFF6D6E224F509B2008785B9 /* RecentLocationCellViewModelTests.swift in Sources */ = {isa = PBXBuildFile; fileRef = DFF6D6E124F509B2008785B9 /* RecentLocationCellViewModelTests.swift */; };
		DFF6D6E524F50A04008785B9 /* WeatherIconProviderMock.swift in Sources */ = {isa = PBXBuildFile; fileRef = DFF6D6E424F50A04008785B9 /* WeatherIconProviderMock.swift */; };
		DFF6D6E724F50B34008785B9 /* testIcon.png in Resources */ = {isa = PBXBuildFile; fileRef = DFF6D6E624F50B34008785B9 /* testIcon.png */; };
		DFF6D6E924F50E54008785B9 /* RecentLocationsViewModelTests.swift in Sources */ = {isa = PBXBuildFile; fileRef = DFF6D6E824F50E54008785B9 /* RecentLocationsViewModelTests.swift */; };
		DFF6D6EB24F50EAB008785B9 /* RecentlyViewedCitiesProviderMock.swift in Sources */ = {isa = PBXBuildFile; fileRef = DFF6D6EA24F50EAB008785B9 /* RecentlyViewedCitiesProviderMock.swift */; };
		DFF6D6ED24F50F04008785B9 /* WeatherAPIClientMock.swift in Sources */ = {isa = PBXBuildFile; fileRef = DFF6D6EC24F50F04008785B9 /* WeatherAPIClientMock.swift */; };
		DFF6D6EE24F512D5008785B9 /* RxSwift.framework in Frameworks */ = {isa = PBXBuildFile; fileRef = DF2D574C24F295CD00C4CFC3 /* RxSwift.framework */; };
		DFF6D6EF24F512D8008785B9 /* RxCocoa.framework in Frameworks */ = {isa = PBXBuildFile; fileRef = DF2D574B24F295CD00C4CFC3 /* RxCocoa.framework */; };
/* End PBXBuildFile section */

/* Begin PBXContainerItemProxy section */
		DF294DB224F021A0008200C2 /* PBXContainerItemProxy */ = {
			isa = PBXContainerItemProxy;
			containerPortal = DF294D9324F0219C008200C2 /* Project object */;
			proxyType = 1;
			remoteGlobalIDString = DF294D9A24F0219C008200C2;
			remoteInfo = "Weather-task";
		};
/* End PBXContainerItemProxy section */

/* Begin PBXFileReference section */
		DF1E6A5F24F53AE7002F4DE5 /* Array+Extension.swift */ = {isa = PBXFileReference; lastKnownFileType = sourcecode.swift; path = "Array+Extension.swift"; sourceTree = "<group>"; };
		DF1E6A6124F53BC7002F4DE5 /* LocationDelegateMock.swift */ = {isa = PBXFileReference; lastKnownFileType = sourcecode.swift; path = LocationDelegateMock.swift; sourceTree = "<group>"; };
		DF294D9B24F0219C008200C2 /* Weather-task.app */ = {isa = PBXFileReference; explicitFileType = wrapper.application; includeInIndex = 0; path = "Weather-task.app"; sourceTree = BUILT_PRODUCTS_DIR; };
		DF294D9E24F0219C008200C2 /* AppDelegate.swift */ = {isa = PBXFileReference; lastKnownFileType = sourcecode.swift; path = AppDelegate.swift; sourceTree = "<group>"; };
		DF294DA724F0219F008200C2 /* Assets.xcassets */ = {isa = PBXFileReference; lastKnownFileType = folder.assetcatalog; path = Assets.xcassets; sourceTree = "<group>"; };
		DF294DAA24F0219F008200C2 /* Base */ = {isa = PBXFileReference; lastKnownFileType = file.storyboard; name = Base; path = Base.lproj/LaunchScreen.storyboard; sourceTree = "<group>"; };
		DF294DAC24F0219F008200C2 /* Info.plist */ = {isa = PBXFileReference; lastKnownFileType = text.plist.xml; path = Info.plist; sourceTree = "<group>"; };
		DF294DB124F021A0008200C2 /* Weather-taskTests.xctest */ = {isa = PBXFileReference; explicitFileType = wrapper.cfbundle; includeInIndex = 0; path = "Weather-taskTests.xctest"; sourceTree = BUILT_PRODUCTS_DIR; };
		DF294DB724F021A0008200C2 /* Info.plist */ = {isa = PBXFileReference; lastKnownFileType = text.plist.xml; path = Info.plist; sourceTree = "<group>"; };
		DF294DC224F0268F008200C2 /* CityDTO.swift */ = {isa = PBXFileReference; lastKnownFileType = sourcecode.swift; path = CityDTO.swift; sourceTree = "<group>"; };
		DF294DC524F027A0008200C2 /* city.list.min.json */ = {isa = PBXFileReference; fileEncoding = 4; lastKnownFileType = text.json; path = city.list.min.json; sourceTree = "<group>"; };
		DF294DC724F027B1008200C2 /* SelectLocationViewController.swift */ = {isa = PBXFileReference; lastKnownFileType = sourcecode.swift; path = SelectLocationViewController.swift; sourceTree = "<group>"; };
		DF294DCC24F02800008200C2 /* SelectLocationViewModel.swift */ = {isa = PBXFileReference; lastKnownFileType = sourcecode.swift; path = SelectLocationViewModel.swift; sourceTree = "<group>"; };
		DF294DCF24F02821008200C2 /* CityProvider.swift */ = {isa = PBXFileReference; lastKnownFileType = sourcecode.swift; path = CityProvider.swift; sourceTree = "<group>"; };
		DF2D573C24F16FB900C4CFC3 /* CityDataSource.swift */ = {isa = PBXFileReference; lastKnownFileType = sourcecode.swift; path = CityDataSource.swift; sourceTree = "<group>"; };
		DF2D574124F27E1600C4CFC3 /* FileCityProvider.swift */ = {isa = PBXFileReference; lastKnownFileType = sourcecode.swift; path = FileCityProvider.swift; sourceTree = "<group>"; };
		DF2D574324F27E4400C4CFC3 /* CityDataSourceImpl.swift */ = {isa = PBXFileReference; lastKnownFileType = sourcecode.swift; path = CityDataSourceImpl.swift; sourceTree = "<group>"; };
		DF2D574724F28FAD00C4CFC3 /* SelectLocationCellViewModel.swift */ = {isa = PBXFileReference; lastKnownFileType = sourcecode.swift; path = SelectLocationCellViewModel.swift; sourceTree = "<group>"; };
		DF2D574A24F295CD00C4CFC3 /* SnapKit.framework */ = {isa = PBXFileReference; lastKnownFileType = wrapper.framework; name = SnapKit.framework; path = Carthage/Build/iOS/SnapKit.framework; sourceTree = "<group>"; };
		DF2D574B24F295CD00C4CFC3 /* RxCocoa.framework */ = {isa = PBXFileReference; lastKnownFileType = wrapper.framework; name = RxCocoa.framework; path = Carthage/Build/iOS/RxCocoa.framework; sourceTree = "<group>"; };
		DF2D574C24F295CD00C4CFC3 /* RxSwift.framework */ = {isa = PBXFileReference; lastKnownFileType = wrapper.framework; name = RxSwift.framework; path = Carthage/Build/iOS/RxSwift.framework; sourceTree = "<group>"; };
		DF2D575924F29D5800C4CFC3 /* LocationWeatherViewModel.swift */ = {isa = PBXFileReference; lastKnownFileType = sourcecode.swift; path = LocationWeatherViewModel.swift; sourceTree = "<group>"; };
		DF2D575B24F29D6B00C4CFC3 /* LocationWeatherViewController.swift */ = {isa = PBXFileReference; lastKnownFileType = sourcecode.swift; path = LocationWeatherViewController.swift; sourceTree = "<group>"; };
		DF56065724F2B128001CA1FB /* RecentlyViewedCitiesProvider.swift */ = {isa = PBXFileReference; lastKnownFileType = sourcecode.swift; path = RecentlyViewedCitiesProvider.swift; sourceTree = "<group>"; };
		DF56065924F2B15B001CA1FB /* UserDefaultsRecentlyViewedCitiesProvider.swift */ = {isa = PBXFileReference; lastKnownFileType = sourcecode.swift; path = UserDefaultsRecentlyViewedCitiesProvider.swift; sourceTree = "<group>"; };
		DF56066024F2C20D001CA1FB /* RecentLocationsViewController.swift */ = {isa = PBXFileReference; lastKnownFileType = sourcecode.swift; path = RecentLocationsViewController.swift; sourceTree = "<group>"; };
		DF56066224F2C257001CA1FB /* RecentLocationsViewModel.swift */ = {isa = PBXFileReference; lastKnownFileType = sourcecode.swift; path = RecentLocationsViewModel.swift; sourceTree = "<group>"; };
		DF56066424F2C3E6001CA1FB /* RecentLocationCellViewModel.swift */ = {isa = PBXFileReference; lastKnownFileType = sourcecode.swift; path = RecentLocationCellViewModel.swift; sourceTree = "<group>"; };
		DF56066624F2C6C6001CA1FB /* RecentLocationTableCell.swift */ = {isa = PBXFileReference; lastKnownFileType = sourcecode.swift; path = RecentLocationTableCell.swift; sourceTree = "<group>"; };
		DF56066824F2DB91001CA1FB /* WeatherAPIClient.swift */ = {isa = PBXFileReference; lastKnownFileType = sourcecode.swift; path = WeatherAPIClient.swift; sourceTree = "<group>"; };
		DF56066B24F2DF02001CA1FB /* CurrentWeatherDTO.swift */ = {isa = PBXFileReference; lastKnownFileType = sourcecode.swift; path = CurrentWeatherDTO.swift; sourceTree = "<group>"; };
		DF56066D24F2E689001CA1FB /* CurrentWeather.swift */ = {isa = PBXFileReference; lastKnownFileType = sourcecode.swift; path = CurrentWeather.swift; sourceTree = "<group>"; };
		DF56066F24F2E7DE001CA1FB /* NetworkWeatherAPIClient.swift */ = {isa = PBXFileReference; lastKnownFileType = sourcecode.swift; path = NetworkWeatherAPIClient.swift; sourceTree = "<group>"; };
		DF56067124F3C3FF001CA1FB /* LocationWeatherData.swift */ = {isa = PBXFileReference; lastKnownFileType = sourcecode.swift; path = LocationWeatherData.swift; sourceTree = "<group>"; };
		DF56067324F3E762001CA1FB /* WeatherIconProvider.swift */ = {isa = PBXFileReference; lastKnownFileType = sourcecode.swift; path = WeatherIconProvider.swift; sourceTree = "<group>"; };
		DF56067524F3E9F2001CA1FB /* NetworkWeatherIconProvider.swift */ = {isa = PBXFileReference; lastKnownFileType = sourcecode.swift; path = NetworkWeatherIconProvider.swift; sourceTree = "<group>"; };
		DF56067724F406EB001CA1FB /* Coordinates.swift */ = {isa = PBXFileReference; lastKnownFileType = sourcecode.swift; path = Coordinates.swift; sourceTree = "<group>"; };
		DF56067A24F40713001CA1FB /* String+Extensions.swift */ = {isa = PBXFileReference; lastKnownFileType = sourcecode.swift; path = "String+Extensions.swift"; sourceTree = "<group>"; };
		DF56067C24F4071D001CA1FB /* Date+Extensions.swift */ = {isa = PBXFileReference; lastKnownFileType = sourcecode.swift; path = "Date+Extensions.swift"; sourceTree = "<group>"; };
		DF56067E24F40726001CA1FB /* URLSession+Extensions.swift */ = {isa = PBXFileReference; lastKnownFileType = sourcecode.swift; path = "URLSession+Extensions.swift"; sourceTree = "<group>"; };
		DF56068024F40732001CA1FB /* UITableViewCell+Extensions.swift */ = {isa = PBXFileReference; lastKnownFileType = sourcecode.swift; path = "UITableViewCell+Extensions.swift"; sourceTree = "<group>"; };
		DF6956B424F5233300AE02FF /* WeatherIconImageSetService.swift */ = {isa = PBXFileReference; lastKnownFileType = sourcecode.swift; path = WeatherIconImageSetService.swift; sourceTree = "<group>"; };
		DF6956B924F526CA00AE02FF /* LocationWeatherViewModelTests.swift */ = {isa = PBXFileReference; lastKnownFileType = sourcecode.swift; path = LocationWeatherViewModelTests.swift; sourceTree = "<group>"; };
		DF6956BC24F5346400AE02FF /* SelectLocationViewModelTests.swift */ = {isa = PBXFileReference; lastKnownFileType = sourcecode.swift; path = SelectLocationViewModelTests.swift; sourceTree = "<group>"; };
		DF6956BE24F534CD00AE02FF /* CityDataSourceMock.swift */ = {isa = PBXFileReference; lastKnownFileType = sourcecode.swift; path = CityDataSourceMock.swift; sourceTree = "<group>"; };
		DF9CFCA924F40E5C0004C6FA /* FakeWeatherAPIClient.swift */ = {isa = PBXFileReference; lastKnownFileType = sourcecode.swift; path = FakeWeatherAPIClient.swift; sourceTree = "<group>"; };
		DF9CFCAB24F430890004C6FA /* DetailForecastDTO.swift */ = {isa = PBXFileReference; lastKnownFileType = sourcecode.swift; path = DetailForecastDTO.swift; sourceTree = "<group>"; };
		DF9CFCAD24F4326D0004C6FA /* WeatherForecast.swift */ = {isa = PBXFileReference; lastKnownFileType = sourcecode.swift; path = WeatherForecast.swift; sourceTree = "<group>"; };
		DF9CFCAF24F4403B0004C6FA /* HourlyForecastCellViewModel.swift */ = {isa = PBXFileReference; lastKnownFileType = sourcecode.swift; path = HourlyForecastCellViewModel.swift; sourceTree = "<group>"; };
		DF9CFCB124F448190004C6FA /* HourlyForecastTableCell.swift */ = {isa = PBXFileReference; lastKnownFileType = sourcecode.swift; path = HourlyForecastTableCell.swift; sourceTree = "<group>"; };
		DF9CFCB324F45B310004C6FA /* DailyForecastCellViewModel.swift */ = {isa = PBXFileReference; lastKnownFileType = sourcecode.swift; path = DailyForecastCellViewModel.swift; sourceTree = "<group>"; };
		DF9CFCB524F45B620004C6FA /* DailyForecastTableCell.swift */ = {isa = PBXFileReference; lastKnownFileType = sourcecode.swift; path = DailyForecastTableCell.swift; sourceTree = "<group>"; };
		DF9CFCB724F45C7C0004C6FA /* CurrentForecastCellViewModel.swift */ = {isa = PBXFileReference; lastKnownFileType = sourcecode.swift; path = CurrentForecastCellViewModel.swift; sourceTree = "<group>"; };
		DF9CFCB924F45CCB0004C6FA /* CurrentForecastTableCell.swift */ = {isa = PBXFileReference; lastKnownFileType = sourcecode.swift; path = CurrentForecastTableCell.swift; sourceTree = "<group>"; };
		DF9CFCBB24F45E6E0004C6FA /* AnyTableCellViewModel.swift */ = {isa = PBXFileReference; lastKnownFileType = sourcecode.swift; path = AnyTableCellViewModel.swift; sourceTree = "<group>"; };
		DF9CFCBD24F45E840004C6FA /* AnyTableCell.swift */ = {isa = PBXFileReference; lastKnownFileType = sourcecode.swift; path = AnyTableCell.swift; sourceTree = "<group>"; };
		DF9CFCBF24F45EA50004C6FA /* ForecastDateManager.swift */ = {isa = PBXFileReference; lastKnownFileType = sourcecode.swift; path = ForecastDateManager.swift; sourceTree = "<group>"; };
		DF9CFCC124F4680F0004C6FA /* ForecastSectionHeaderView.swift */ = {isa = PBXFileReference; lastKnownFileType = sourcecode.swift; path = ForecastSectionHeaderView.swift; sourceTree = "<group>"; };
		DF9CFCC524F48A9C0004C6FA /* WeatherForecastSection.swift */ = {isa = PBXFileReference; lastKnownFileType = sourcecode.swift; path = WeatherForecastSection.swift; sourceTree = "<group>"; };
		DF9CFCC724F4915A0004C6FA /* BasicWeatherDataCell.swift */ = {isa = PBXFileReference; lastKnownFileType = sourcecode.swift; path = BasicWeatherDataCell.swift; sourceTree = "<group>"; };
		DF9CFCC924F492130004C6FA /* BasicWeatherCellViewModel.swift */ = {isa = PBXFileReference; lastKnownFileType = sourcecode.swift; path = BasicWeatherCellViewModel.swift; sourceTree = "<group>"; };
		DFB9DE3124F4F1B900CF67C1 /* FileCityProviderTests.swift */ = {isa = PBXFileReference; lastKnownFileType = sourcecode.swift; path = FileCityProviderTests.swift; sourceTree = "<group>"; };
		DFB9DE3424F4F2E000CF67C1 /* testCities.json */ = {isa = PBXFileReference; fileEncoding = 4; lastKnownFileType = text.json; path = testCities.json; sourceTree = "<group>"; };
		DFD809E924F6ACA900D1C28F /* CLLocationService.swift */ = {isa = PBXFileReference; lastKnownFileType = sourcecode.swift; path = CLLocationService.swift; sourceTree = "<group>"; };
		DFED97B124F6B47D005583D0 /* LocationService.swift */ = {isa = PBXFileReference; lastKnownFileType = sourcecode.swift; path = LocationService.swift; sourceTree = "<group>"; };
		DFED97B324F6C7B2005583D0 /* LocationServiceMock.swift */ = {isa = PBXFileReference; lastKnownFileType = sourcecode.swift; path = LocationServiceMock.swift; sourceTree = "<group>"; };
		DFED97B724F6E639005583D0 /* UIAlertController+Extensions.swift */ = {isa = PBXFileReference; lastKnownFileType = sourcecode.swift; path = "UIAlertController+Extensions.swift"; sourceTree = "<group>"; };
		DFF6D6CB24F4FA1F008785B9 /* CityDataSourceImplTests.swift */ = {isa = PBXFileReference; lastKnownFileType = sourcecode.swift; path = CityDataSourceImplTests.swift; sourceTree = "<group>"; };
		DFF6D6CF24F4FEB9008785B9 /* CityProviderMock.swift */ = {isa = PBXFileReference; lastKnownFileType = sourcecode.swift; path = CityProviderMock.swift; sourceTree = "<group>"; };
		DFF6D6D124F4FF66008785B9 /* UserDefaultRecentlyViewedCitiesProviderTests.swift */ = {isa = PBXFileReference; lastKnownFileType = sourcecode.swift; path = UserDefaultRecentlyViewedCitiesProviderTests.swift; sourceTree = "<group>"; };
		DFF6D6D324F50396008785B9 /* ForecastDateManagerTests.swift */ = {isa = PBXFileReference; lastKnownFileType = sourcecode.swift; path = ForecastDateManagerTests.swift; sourceTree = "<group>"; };
		DFF6D6D524F5089E008785B9 /* CurrentWeatherMainDTO.swift */ = {isa = PBXFileReference; lastKnownFileType = sourcecode.swift; path = CurrentWeatherMainDTO.swift; sourceTree = "<group>"; };
		DFF6D6D724F508C1008785B9 /* WindDTO.swift */ = {isa = PBXFileReference; lastKnownFileType = sourcecode.swift; path = WindDTO.swift; sourceTree = "<group>"; };
		DFF6D6D924F508D6008785B9 /* CloudsDTO.swift */ = {isa = PBXFileReference; lastKnownFileType = sourcecode.swift; path = CloudsDTO.swift; sourceTree = "<group>"; };
		DFF6D6DB24F508E9008785B9 /* WeatherConditionDTO.swift */ = {isa = PBXFileReference; lastKnownFileType = sourcecode.swift; path = WeatherConditionDTO.swift; sourceTree = "<group>"; };
		DFF6D6DD24F50908008785B9 /* DetailForecastDataDTO.swift */ = {isa = PBXFileReference; lastKnownFileType = sourcecode.swift; path = DetailForecastDataDTO.swift; sourceTree = "<group>"; };
		DFF6D6E124F509B2008785B9 /* RecentLocationCellViewModelTests.swift */ = {isa = PBXFileReference; lastKnownFileType = sourcecode.swift; path = RecentLocationCellViewModelTests.swift; sourceTree = "<group>"; };
		DFF6D6E424F50A04008785B9 /* WeatherIconProviderMock.swift */ = {isa = PBXFileReference; lastKnownFileType = sourcecode.swift; path = WeatherIconProviderMock.swift; sourceTree = "<group>"; };
		DFF6D6E624F50B34008785B9 /* testIcon.png */ = {isa = PBXFileReference; lastKnownFileType = image.png; path = testIcon.png; sourceTree = "<group>"; };
		DFF6D6E824F50E54008785B9 /* RecentLocationsViewModelTests.swift */ = {isa = PBXFileReference; lastKnownFileType = sourcecode.swift; path = RecentLocationsViewModelTests.swift; sourceTree = "<group>"; };
		DFF6D6EA24F50EAB008785B9 /* RecentlyViewedCitiesProviderMock.swift */ = {isa = PBXFileReference; lastKnownFileType = sourcecode.swift; path = RecentlyViewedCitiesProviderMock.swift; sourceTree = "<group>"; };
		DFF6D6EC24F50F04008785B9 /* WeatherAPIClientMock.swift */ = {isa = PBXFileReference; lastKnownFileType = sourcecode.swift; path = WeatherAPIClientMock.swift; sourceTree = "<group>"; };
/* End PBXFileReference section */

/* Begin PBXFrameworksBuildPhase section */
		DF294D9824F0219C008200C2 /* Frameworks */ = {
			isa = PBXFrameworksBuildPhase;
			buildActionMask = 2147483647;
			files = (
				DF2D574F24F295CD00C4CFC3 /* RxCocoa.framework in Frameworks */,
				DF2D574D24F295CD00C4CFC3 /* SnapKit.framework in Frameworks */,
				DF2D575124F295CD00C4CFC3 /* RxSwift.framework in Frameworks */,
			);
			runOnlyForDeploymentPostprocessing = 0;
		};
		DF294DAE24F021A0008200C2 /* Frameworks */ = {
			isa = PBXFrameworksBuildPhase;
			buildActionMask = 2147483647;
			files = (
				DFF6D6EE24F512D5008785B9 /* RxSwift.framework in Frameworks */,
				DFF6D6EF24F512D8008785B9 /* RxCocoa.framework in Frameworks */,
			);
			runOnlyForDeploymentPostprocessing = 0;
		};
/* End PBXFrameworksBuildPhase section */

/* Begin PBXGroup section */
		DF294D9224F0219C008200C2 = {
			isa = PBXGroup;
			children = (
				DF294D9D24F0219C008200C2 /* Weather-task */,
				DF294DB424F021A0008200C2 /* Weather-taskTests */,
				DF294D9C24F0219C008200C2 /* Products */,
				DF2D574924F295CD00C4CFC3 /* Frameworks */,
			);
			sourceTree = "<group>";
		};
		DF294D9C24F0219C008200C2 /* Products */ = {
			isa = PBXGroup;
			children = (
				DF294D9B24F0219C008200C2 /* Weather-task.app */,
				DF294DB124F021A0008200C2 /* Weather-taskTests.xctest */,
			);
			name = Products;
			sourceTree = "<group>";
		};
		DF294D9D24F0219C008200C2 /* Weather-task */ = {
			isa = PBXGroup;
			children = (
				DF2D575524F29D1C00C4CFC3 /* Screens */,
				DF2D573E24F27DE800C4CFC3 /* Services */,
				DF294DC424F02789008200C2 /* AppCommon */,
				DF294DC124F02682008200C2 /* Models */,
				DF294D9E24F0219C008200C2 /* AppDelegate.swift */,
				DF294DA724F0219F008200C2 /* Assets.xcassets */,
				DF294DA924F0219F008200C2 /* LaunchScreen.storyboard */,
				DF294DAC24F0219F008200C2 /* Info.plist */,
			);
			path = "Weather-task";
			sourceTree = "<group>";
		};
		DF294DB424F021A0008200C2 /* Weather-taskTests */ = {
			isa = PBXGroup;
			children = (
				DFF6D6E324F509EC008785B9 /* Mocks */,
				DFF6D6DF24F50962008785B9 /* ScreensTests */,
				DFF6D6CD24F4FE95008785B9 /* ServicesTests */,
				DFB9DE3324F4F2B700CF67C1 /* Resources */,
				DF294DB724F021A0008200C2 /* Info.plist */,
			);
			path = "Weather-taskTests";
			sourceTree = "<group>";
		};
		DF294DC124F02682008200C2 /* Models */ = {
			isa = PBXGroup;
			children = (
				DF56066A24F2DEF1001CA1FB /* DTOs */,
				DF56066D24F2E689001CA1FB /* CurrentWeather.swift */,
				DF56067724F406EB001CA1FB /* Coordinates.swift */,
				DF56067124F3C3FF001CA1FB /* LocationWeatherData.swift */,
				DF9CFCAD24F4326D0004C6FA /* WeatherForecast.swift */,
			);
			path = Models;
			sourceTree = "<group>";
		};
		DF294DC424F02789008200C2 /* AppCommon */ = {
			isa = PBXGroup;
			children = (
				DF56067924F40704001CA1FB /* Extensions */,
				DF294DC524F027A0008200C2 /* city.list.min.json */,
			);
			path = AppCommon;
			sourceTree = "<group>";
		};
		DF294DC924F027BF008200C2 /* SelectLocation */ = {
			isa = PBXGroup;
			children = (
				DF294DCB24F027F1008200C2 /* viewModel */,
				DF294DCA24F027EB008200C2 /* view */,
			);
			path = SelectLocation;
			sourceTree = "<group>";
		};
		DF294DCA24F027EB008200C2 /* view */ = {
			isa = PBXGroup;
			children = (
				DF294DC724F027B1008200C2 /* SelectLocationViewController.swift */,
			);
			path = view;
			sourceTree = "<group>";
		};
		DF294DCB24F027F1008200C2 /* viewModel */ = {
			isa = PBXGroup;
			children = (
				DF294DCC24F02800008200C2 /* SelectLocationViewModel.swift */,
				DF2D574724F28FAD00C4CFC3 /* SelectLocationCellViewModel.swift */,
			);
			path = viewModel;
			sourceTree = "<group>";
		};
		DF2D573E24F27DE800C4CFC3 /* Services */ = {
			isa = PBXGroup;
			children = (
				DF2D574024F27DFD00C4CFC3 /* Implementation */,
				DF2D573F24F27DF500C4CFC3 /* Definition */,
			);
			path = Services;
			sourceTree = "<group>";
		};
		DF2D573F24F27DF500C4CFC3 /* Definition */ = {
			isa = PBXGroup;
			children = (
				DF2D573C24F16FB900C4CFC3 /* CityDataSource.swift */,
				DF294DCF24F02821008200C2 /* CityProvider.swift */,
				DF56065724F2B128001CA1FB /* RecentlyViewedCitiesProvider.swift */,
				DF56066824F2DB91001CA1FB /* WeatherAPIClient.swift */,
				DF56067324F3E762001CA1FB /* WeatherIconProvider.swift */,
				DFED97B124F6B47D005583D0 /* LocationService.swift */,
			);
			path = Definition;
			sourceTree = "<group>";
		};
		DF2D574024F27DFD00C4CFC3 /* Implementation */ = {
			isa = PBXGroup;
			children = (
				DF2D574124F27E1600C4CFC3 /* FileCityProvider.swift */,
				DF2D574324F27E4400C4CFC3 /* CityDataSourceImpl.swift */,
				DF56065924F2B15B001CA1FB /* UserDefaultsRecentlyViewedCitiesProvider.swift */,
				DF56066F24F2E7DE001CA1FB /* NetworkWeatherAPIClient.swift */,
				DF56067524F3E9F2001CA1FB /* NetworkWeatherIconProvider.swift */,
				DF9CFCA924F40E5C0004C6FA /* FakeWeatherAPIClient.swift */,
				DF9CFCBF24F45EA50004C6FA /* ForecastDateManager.swift */,
				DF6956B424F5233300AE02FF /* WeatherIconImageSetService.swift */,
				DFD809E924F6ACA900D1C28F /* CLLocationService.swift */,
			);
			path = Implementation;
			sourceTree = "<group>";
		};
		DF2D574924F295CD00C4CFC3 /* Frameworks */ = {
			isa = PBXGroup;
			children = (
				DF2D574B24F295CD00C4CFC3 /* RxCocoa.framework */,
				DF2D574C24F295CD00C4CFC3 /* RxSwift.framework */,
				DF2D574A24F295CD00C4CFC3 /* SnapKit.framework */,
			);
			name = Frameworks;
			sourceTree = "<group>";
		};
		DF2D575524F29D1C00C4CFC3 /* Screens */ = {
			isa = PBXGroup;
			children = (
				DF56065B24F2C1D8001CA1FB /* RecentLocations */,
				DF2D575624F29D2D00C4CFC3 /* LocationWeather */,
				DF294DC924F027BF008200C2 /* SelectLocation */,
			);
			path = Screens;
			sourceTree = "<group>";
		};
		DF2D575624F29D2D00C4CFC3 /* LocationWeather */ = {
			isa = PBXGroup;
			children = (
				DF2D575824F29D4300C4CFC3 /* viewModel */,
				DF2D575724F29D3F00C4CFC3 /* view */,
			);
			path = LocationWeather;
			sourceTree = "<group>";
		};
		DF2D575724F29D3F00C4CFC3 /* view */ = {
			isa = PBXGroup;
			children = (
				DF2D575B24F29D6B00C4CFC3 /* LocationWeatherViewController.swift */,
				DF9CFCB124F448190004C6FA /* HourlyForecastTableCell.swift */,
				DF9CFCB524F45B620004C6FA /* DailyForecastTableCell.swift */,
				DF9CFCB924F45CCB0004C6FA /* CurrentForecastTableCell.swift */,
				DF9CFCBD24F45E840004C6FA /* AnyTableCell.swift */,
				DF9CFCC124F4680F0004C6FA /* ForecastSectionHeaderView.swift */,
				DF9CFCC724F4915A0004C6FA /* BasicWeatherDataCell.swift */,
			);
			path = view;
			sourceTree = "<group>";
		};
		DF2D575824F29D4300C4CFC3 /* viewModel */ = {
			isa = PBXGroup;
			children = (
				DF2D575924F29D5800C4CFC3 /* LocationWeatherViewModel.swift */,
				DF9CFCAF24F4403B0004C6FA /* HourlyForecastCellViewModel.swift */,
				DF9CFCB324F45B310004C6FA /* DailyForecastCellViewModel.swift */,
				DF9CFCB724F45C7C0004C6FA /* CurrentForecastCellViewModel.swift */,
				DF9CFCBB24F45E6E0004C6FA /* AnyTableCellViewModel.swift */,
				DF9CFCC524F48A9C0004C6FA /* WeatherForecastSection.swift */,
				DF9CFCC924F492130004C6FA /* BasicWeatherCellViewModel.swift */,
			);
			path = viewModel;
			sourceTree = "<group>";
		};
		DF56065B24F2C1D8001CA1FB /* RecentLocations */ = {
			isa = PBXGroup;
			children = (
				DF56065F24F2C1FF001CA1FB /* viewModel */,
				DF56065D24F2C1F3001CA1FB /* view */,
			);
			path = RecentLocations;
			sourceTree = "<group>";
		};
		DF56065D24F2C1F3001CA1FB /* view */ = {
			isa = PBXGroup;
			children = (
				DF56066024F2C20D001CA1FB /* RecentLocationsViewController.swift */,
				DF56066624F2C6C6001CA1FB /* RecentLocationTableCell.swift */,
			);
			path = view;
			sourceTree = "<group>";
		};
		DF56065F24F2C1FF001CA1FB /* viewModel */ = {
			isa = PBXGroup;
			children = (
				DF56066224F2C257001CA1FB /* RecentLocationsViewModel.swift */,
				DF56066424F2C3E6001CA1FB /* RecentLocationCellViewModel.swift */,
			);
			path = viewModel;
			sourceTree = "<group>";
		};
		DF56066A24F2DEF1001CA1FB /* DTOs */ = {
			isa = PBXGroup;
			children = (
				DFF6D6DD24F50908008785B9 /* DetailForecastDataDTO.swift */,
				DF294DC224F0268F008200C2 /* CityDTO.swift */,
				DF56066B24F2DF02001CA1FB /* CurrentWeatherDTO.swift */,
				DF9CFCAB24F430890004C6FA /* DetailForecastDTO.swift */,
				DFF6D6D524F5089E008785B9 /* CurrentWeatherMainDTO.swift */,
				DFF6D6D724F508C1008785B9 /* WindDTO.swift */,
				DFF6D6D924F508D6008785B9 /* CloudsDTO.swift */,
				DFF6D6DB24F508E9008785B9 /* WeatherConditionDTO.swift */,
			);
			path = DTOs;
			sourceTree = "<group>";
		};
		DF56067924F40704001CA1FB /* Extensions */ = {
			isa = PBXGroup;
			children = (
				DF56067A24F40713001CA1FB /* String+Extensions.swift */,
				DF56067C24F4071D001CA1FB /* Date+Extensions.swift */,
				DF56067E24F40726001CA1FB /* URLSession+Extensions.swift */,
				DF56068024F40732001CA1FB /* UITableViewCell+Extensions.swift */,
				DF1E6A5F24F53AE7002F4DE5 /* Array+Extension.swift */,
				DFED97B724F6E639005583D0 /* UIAlertController+Extensions.swift */,
			);
			path = Extensions;
			sourceTree = "<group>";
		};
		DF6956B624F5269400AE02FF /* LocationWeather */ = {
			isa = PBXGroup;
			children = (
				DF6956B924F526CA00AE02FF /* LocationWeatherViewModelTests.swift */,
			);
			path = LocationWeather;
			sourceTree = "<group>";
		};
		DF6956BB24F5345500AE02FF /* SelectLocation */ = {
			isa = PBXGroup;
			children = (
				DF6956BC24F5346400AE02FF /* SelectLocationViewModelTests.swift */,
			);
			path = SelectLocation;
			sourceTree = "<group>";
		};
		DFB9DE3324F4F2B700CF67C1 /* Resources */ = {
			isa = PBXGroup;
			children = (
				DFF6D6E624F50B34008785B9 /* testIcon.png */,
				DFB9DE3424F4F2E000CF67C1 /* testCities.json */,
			);
			path = Resources;
			sourceTree = "<group>";
		};
		DFF6D6CD24F4FE95008785B9 /* ServicesTests */ = {
			isa = PBXGroup;
			children = (
				DFF6D6CB24F4FA1F008785B9 /* CityDataSourceImplTests.swift */,
				DFB9DE3124F4F1B900CF67C1 /* FileCityProviderTests.swift */,
				DFF6D6D124F4FF66008785B9 /* UserDefaultRecentlyViewedCitiesProviderTests.swift */,
				DFF6D6D324F50396008785B9 /* ForecastDateManagerTests.swift */,
			);
			path = ServicesTests;
			sourceTree = "<group>";
		};
		DFF6D6DF24F50962008785B9 /* ScreensTests */ = {
			isa = PBXGroup;
			children = (
				DF6956BB24F5345500AE02FF /* SelectLocation */,
				DF6956B624F5269400AE02FF /* LocationWeather */,
				DFF6D6E024F5096C008785B9 /* RecentLocations */,
			);
			path = ScreensTests;
			sourceTree = "<group>";
		};
		DFF6D6E024F5096C008785B9 /* RecentLocations */ = {
			isa = PBXGroup;
			children = (
				DFF6D6E124F509B2008785B9 /* RecentLocationCellViewModelTests.swift */,
				DFF6D6E824F50E54008785B9 /* RecentLocationsViewModelTests.swift */,
			);
			path = RecentLocations;
			sourceTree = "<group>";
		};
		DFF6D6E324F509EC008785B9 /* Mocks */ = {
			isa = PBXGroup;
			children = (
				DFF6D6CF24F4FEB9008785B9 /* CityProviderMock.swift */,
				DFF6D6E424F50A04008785B9 /* WeatherIconProviderMock.swift */,
				DFF6D6EA24F50EAB008785B9 /* RecentlyViewedCitiesProviderMock.swift */,
				DFF6D6EC24F50F04008785B9 /* WeatherAPIClientMock.swift */,
				DF6956BE24F534CD00AE02FF /* CityDataSourceMock.swift */,
				DF1E6A6124F53BC7002F4DE5 /* LocationDelegateMock.swift */,
				DFED97B324F6C7B2005583D0 /* LocationServiceMock.swift */,
			);
			path = Mocks;
			sourceTree = "<group>";
		};
/* End PBXGroup section */

/* Begin PBXNativeTarget section */
		DF294D9A24F0219C008200C2 /* Weather-task */ = {
			isa = PBXNativeTarget;
			buildConfigurationList = DF294DBA24F021A0008200C2 /* Build configuration list for PBXNativeTarget "Weather-task" */;
			buildPhases = (
				DF294D9724F0219C008200C2 /* Sources */,
				DF294D9824F0219C008200C2 /* Frameworks */,
				DF294D9924F0219C008200C2 /* Resources */,
				DF2D575424F295E500C4CFC3 /* ShellScript */,
			);
			buildRules = (
			);
			dependencies = (
			);
			name = "Weather-task";
			productName = "Weather-task";
			productReference = DF294D9B24F0219C008200C2 /* Weather-task.app */;
			productType = "com.apple.product-type.application";
		};
		DF294DB024F021A0008200C2 /* Weather-taskTests */ = {
			isa = PBXNativeTarget;
			buildConfigurationList = DF294DBD24F021A0008200C2 /* Build configuration list for PBXNativeTarget "Weather-taskTests" */;
			buildPhases = (
				DF294DAD24F021A0008200C2 /* Sources */,
				DF294DAE24F021A0008200C2 /* Frameworks */,
				DF294DAF24F021A0008200C2 /* Resources */,
			);
			buildRules = (
			);
			dependencies = (
				DF294DB324F021A0008200C2 /* PBXTargetDependency */,
			);
			name = "Weather-taskTests";
			productName = "Weather-taskTests";
			productReference = DF294DB124F021A0008200C2 /* Weather-taskTests.xctest */;
			productType = "com.apple.product-type.bundle.unit-test";
		};
/* End PBXNativeTarget section */

/* Begin PBXProject section */
		DF294D9324F0219C008200C2 /* Project object */ = {
			isa = PBXProject;
			attributes = {
				LastSwiftUpdateCheck = 1160;
				LastUpgradeCheck = 1160;
				ORGANIZATIONNAME = "Artur Stepaniuk";
				TargetAttributes = {
					DF294D9A24F0219C008200C2 = {
						CreatedOnToolsVersion = 11.6;
					};
					DF294DB024F021A0008200C2 = {
						CreatedOnToolsVersion = 11.6;
						TestTargetID = DF294D9A24F0219C008200C2;
					};
				};
			};
			buildConfigurationList = DF294D9624F0219C008200C2 /* Build configuration list for PBXProject "Weather-task" */;
			compatibilityVersion = "Xcode 9.3";
			developmentRegion = en;
			hasScannedForEncodings = 0;
			knownRegions = (
				en,
				Base,
			);
			mainGroup = DF294D9224F0219C008200C2;
			productRefGroup = DF294D9C24F0219C008200C2 /* Products */;
			projectDirPath = "";
			projectRoot = "";
			targets = (
				DF294D9A24F0219C008200C2 /* Weather-task */,
				DF294DB024F021A0008200C2 /* Weather-taskTests */,
			);
		};
/* End PBXProject section */

/* Begin PBXResourcesBuildPhase section */
		DF294D9924F0219C008200C2 /* Resources */ = {
			isa = PBXResourcesBuildPhase;
			buildActionMask = 2147483647;
			files = (
				DF294DAB24F0219F008200C2 /* LaunchScreen.storyboard in Resources */,
				DF294DA824F0219F008200C2 /* Assets.xcassets in Resources */,
				DF294DC624F027A0008200C2 /* city.list.min.json in Resources */,
			);
			runOnlyForDeploymentPostprocessing = 0;
		};
		DF294DAF24F021A0008200C2 /* Resources */ = {
			isa = PBXResourcesBuildPhase;
			buildActionMask = 2147483647;
			files = (
				DFF6D6E724F50B34008785B9 /* testIcon.png in Resources */,
				DFB9DE3524F4F2E000CF67C1 /* testCities.json in Resources */,
			);
			runOnlyForDeploymentPostprocessing = 0;
		};
/* End PBXResourcesBuildPhase section */

/* Begin PBXShellScriptBuildPhase section */
		DF2D575424F295E500C4CFC3 /* ShellScript */ = {
			isa = PBXShellScriptBuildPhase;
			buildActionMask = 2147483647;
			files = (
			);
			inputFileListPaths = (
			);
			inputPaths = (
				"$(SRCROOT)/Carthage/Build/iOS/RxCocoa.framework",
				"$(SRCROOT)/Carthage/Build/iOS/RxSwift.framework",
				"$(SRCROOT)/Carthage/Build/iOS/SnapKit.framework",
				"$(SRCROOT)/Carthage/Build/iOS/RxRelay.framework",
			);
			outputFileListPaths = (
			);
			outputPaths = (
				"$(BUILT_PRODUCTS_DIR)/$(FRAMEWORKS_FOLDER_PATH)/RxCocoa.framework",
				"$(BUILT_PRODUCTS_DIR)/$(FRAMEWORKS_FOLDER_PATH)/RxSwift.framework",
				"$(BUILT_PRODUCTS_DIR)/$(FRAMEWORKS_FOLDER_PATH)/SnapKit.framework",
				"$(BUILT_PRODUCTS_DIR)/$(FRAMEWORKS_FOLDER_PATH)/RxRelay.framework",
			);
			runOnlyForDeploymentPostprocessing = 0;
			shellPath = /bin/sh;
			shellScript = "# Type a script or drag a script file from your workspace to insert its path.\n/usr/local/bin/carthage copy-frameworks\n";
		};
/* End PBXShellScriptBuildPhase section */

/* Begin PBXSourcesBuildPhase section */
		DF294D9724F0219C008200C2 /* Sources */ = {
			isa = PBXSourcesBuildPhase;
			buildActionMask = 2147483647;
			files = (
				DFF6D6D824F508C1008785B9 /* WindDTO.swift in Sources */,
				DF9CFCC224F4680F0004C6FA /* ForecastSectionHeaderView.swift in Sources */,
				DF9CFCC624F48A9C0004C6FA /* WeatherForecastSection.swift in Sources */,
				DF9CFCBA24F45CCB0004C6FA /* CurrentForecastTableCell.swift in Sources */,
				DF56066724F2C6C6001CA1FB /* RecentLocationTableCell.swift in Sources */,
				DF56067224F3C3FF001CA1FB /* LocationWeatherData.swift in Sources */,
				DF56067624F3E9F2001CA1FB /* NetworkWeatherIconProvider.swift in Sources */,
				DF56065A24F2B15B001CA1FB /* UserDefaultsRecentlyViewedCitiesProvider.swift in Sources */,
				DF9CFCB424F45B310004C6FA /* DailyForecastCellViewModel.swift in Sources */,
				DF294DC824F027B1008200C2 /* SelectLocationViewController.swift in Sources */,
				DF56067024F2E7DE001CA1FB /* NetworkWeatherAPIClient.swift in Sources */,
				DF1E6A6024F53AE7002F4DE5 /* Array+Extension.swift in Sources */,
				DFF6D6DA24F508D6008785B9 /* CloudsDTO.swift in Sources */,
				DF56066324F2C257001CA1FB /* RecentLocationsViewModel.swift in Sources */,
				DF56066524F2C3E6001CA1FB /* RecentLocationCellViewModel.swift in Sources */,
				DF56068124F40733001CA1FB /* UITableViewCell+Extensions.swift in Sources */,
				DF9CFCCA24F492130004C6FA /* BasicWeatherCellViewModel.swift in Sources */,
				DF9CFCBC24F45E6E0004C6FA /* AnyTableCellViewModel.swift in Sources */,
				DF2D575A24F29D5800C4CFC3 /* LocationWeatherViewModel.swift in Sources */,
				DF56067D24F4071D001CA1FB /* Date+Extensions.swift in Sources */,
				DF6956B524F5233300AE02FF /* WeatherIconImageSetService.swift in Sources */,
				DFF6D6DE24F50908008785B9 /* DetailForecastDataDTO.swift in Sources */,
				DF56067824F406EB001CA1FB /* Coordinates.swift in Sources */,
				DF294D9F24F0219C008200C2 /* AppDelegate.swift in Sources */,
				DFF6D6D624F5089E008785B9 /* CurrentWeatherMainDTO.swift in Sources */,
				DFED97B824F6E639005583D0 /* UIAlertController+Extensions.swift in Sources */,
				DF9CFCB224F448190004C6FA /* HourlyForecastTableCell.swift in Sources */,
				DF2D575C24F29D6B00C4CFC3 /* LocationWeatherViewController.swift in Sources */,
				DFD809EA24F6ACA900D1C28F /* CLLocationService.swift in Sources */,
				DF56067F24F40726001CA1FB /* URLSession+Extensions.swift in Sources */,
				DF294DD024F02821008200C2 /* CityProvider.swift in Sources */,
				DF56067B24F40713001CA1FB /* String+Extensions.swift in Sources */,
				DF56066124F2C20D001CA1FB /* RecentLocationsViewController.swift in Sources */,
				DF56066E24F2E689001CA1FB /* CurrentWeather.swift in Sources */,
				DF9CFCB824F45C7C0004C6FA /* CurrentForecastCellViewModel.swift in Sources */,
				DFED97B224F6B47D005583D0 /* LocationService.swift in Sources */,
				DF2D574824F28FAD00C4CFC3 /* SelectLocationCellViewModel.swift in Sources */,
				DF9CFCC024F45EA50004C6FA /* ForecastDateManager.swift in Sources */,
				DF294DC324F0268F008200C2 /* CityDTO.swift in Sources */,
				DF56066924F2DB91001CA1FB /* WeatherAPIClient.swift in Sources */,
				DF56067424F3E762001CA1FB /* WeatherIconProvider.swift in Sources */,
				DF9CFCAE24F4326D0004C6FA /* WeatherForecast.swift in Sources */,
				DF2D574424F27E4400C4CFC3 /* CityDataSourceImpl.swift in Sources */,
				DF9CFCBE24F45E840004C6FA /* AnyTableCell.swift in Sources */,
				DF56065824F2B128001CA1FB /* RecentlyViewedCitiesProvider.swift in Sources */,
				DF2D574224F27E1600C4CFC3 /* FileCityProvider.swift in Sources */,
				DF56066C24F2DF02001CA1FB /* CurrentWeatherDTO.swift in Sources */,
				DFF6D6DC24F508E9008785B9 /* WeatherConditionDTO.swift in Sources */,
				DF9CFCB024F4403B0004C6FA /* HourlyForecastCellViewModel.swift in Sources */,
				DF9CFCAC24F430890004C6FA /* DetailForecastDTO.swift in Sources */,
				DF2D573D24F16FB900C4CFC3 /* CityDataSource.swift in Sources */,
				DF294DCD24F02800008200C2 /* SelectLocationViewModel.swift in Sources */,
				DF9CFCC824F4915A0004C6FA /* BasicWeatherDataCell.swift in Sources */,
				DF9CFCB624F45B620004C6FA /* DailyForecastTableCell.swift in Sources */,
				DF9CFCAA24F40E5C0004C6FA /* FakeWeatherAPIClient.swift in Sources */,
			);
			runOnlyForDeploymentPostprocessing = 0;
		};
		DF294DAD24F021A0008200C2 /* Sources */ = {
			isa = PBXSourcesBuildPhase;
			buildActionMask = 2147483647;
			files = (
				DFF6D6E224F509B2008785B9 /* RecentLocationCellViewModelTests.swift in Sources */,
				DFF6D6D024F4FEB9008785B9 /* CityProviderMock.swift in Sources */,
				DFF6D6E924F50E54008785B9 /* RecentLocationsViewModelTests.swift in Sources */,
				DF6956BA24F526CA00AE02FF /* LocationWeatherViewModelTests.swift in Sources */,
				DFB9DE3224F4F1B900CF67C1 /* FileCityProviderTests.swift in Sources */,
				DFF6D6D224F4FF66008785B9 /* UserDefaultRecentlyViewedCitiesProviderTests.swift in Sources */,
				DFF6D6E524F50A04008785B9 /* WeatherIconProviderMock.swift in Sources */,
				DF6956BF24F534CD00AE02FF /* CityDataSourceMock.swift in Sources */,
				DFF6D6ED24F50F04008785B9 /* WeatherAPIClientMock.swift in Sources */,
				DFED97B424F6C7B2005583D0 /* LocationServiceMock.swift in Sources */,
				DFF6D6D424F50396008785B9 /* ForecastDateManagerTests.swift in Sources */,
				DF6956BD24F5346400AE02FF /* SelectLocationViewModelTests.swift in Sources */,
				DF1E6A6224F53BC7002F4DE5 /* LocationDelegateMock.swift in Sources */,
				DFF6D6EB24F50EAB008785B9 /* RecentlyViewedCitiesProviderMock.swift in Sources */,
				DFF6D6CC24F4FA1F008785B9 /* CityDataSourceImplTests.swift in Sources */,
			);
			runOnlyForDeploymentPostprocessing = 0;
		};
/* End PBXSourcesBuildPhase section */

/* Begin PBXTargetDependency section */
		DF294DB324F021A0008200C2 /* PBXTargetDependency */ = {
			isa = PBXTargetDependency;
			target = DF294D9A24F0219C008200C2 /* Weather-task */;
			targetProxy = DF294DB224F021A0008200C2 /* PBXContainerItemProxy */;
		};
/* End PBXTargetDependency section */

/* Begin PBXVariantGroup section */
		DF294DA924F0219F008200C2 /* LaunchScreen.storyboard */ = {
			isa = PBXVariantGroup;
			children = (
				DF294DAA24F0219F008200C2 /* Base */,
			);
			name = LaunchScreen.storyboard;
			sourceTree = "<group>";
		};
/* End PBXVariantGroup section */

/* Begin XCBuildConfiguration section */
		DF294DB824F021A0008200C2 /* Debug */ = {
			isa = XCBuildConfiguration;
			buildSettings = {
				ALWAYS_SEARCH_USER_PATHS = NO;
				CLANG_ANALYZER_NONNULL = YES;
				CLANG_ANALYZER_NUMBER_OBJECT_CONVERSION = YES_AGGRESSIVE;
				CLANG_CXX_LANGUAGE_STANDARD = "gnu++14";
				CLANG_CXX_LIBRARY = "libc++";
				CLANG_ENABLE_MODULES = YES;
				CLANG_ENABLE_OBJC_ARC = YES;
				CLANG_ENABLE_OBJC_WEAK = YES;
				CLANG_WARN_BLOCK_CAPTURE_AUTORELEASING = YES;
				CLANG_WARN_BOOL_CONVERSION = YES;
				CLANG_WARN_COMMA = YES;
				CLANG_WARN_CONSTANT_CONVERSION = YES;
				CLANG_WARN_DEPRECATED_OBJC_IMPLEMENTATIONS = YES;
				CLANG_WARN_DIRECT_OBJC_ISA_USAGE = YES_ERROR;
				CLANG_WARN_DOCUMENTATION_COMMENTS = YES;
				CLANG_WARN_EMPTY_BODY = YES;
				CLANG_WARN_ENUM_CONVERSION = YES;
				CLANG_WARN_INFINITE_RECURSION = YES;
				CLANG_WARN_INT_CONVERSION = YES;
				CLANG_WARN_NON_LITERAL_NULL_CONVERSION = YES;
				CLANG_WARN_OBJC_IMPLICIT_RETAIN_SELF = YES;
				CLANG_WARN_OBJC_LITERAL_CONVERSION = YES;
				CLANG_WARN_OBJC_ROOT_CLASS = YES_ERROR;
				CLANG_WARN_RANGE_LOOP_ANALYSIS = YES;
				CLANG_WARN_STRICT_PROTOTYPES = YES;
				CLANG_WARN_SUSPICIOUS_MOVE = YES;
				CLANG_WARN_UNGUARDED_AVAILABILITY = YES_AGGRESSIVE;
				CLANG_WARN_UNREACHABLE_CODE = YES;
				CLANG_WARN__DUPLICATE_METHOD_MATCH = YES;
				COPY_PHASE_STRIP = NO;
				DEBUG_INFORMATION_FORMAT = dwarf;
				ENABLE_STRICT_OBJC_MSGSEND = YES;
				ENABLE_TESTABILITY = YES;
				GCC_C_LANGUAGE_STANDARD = gnu11;
				GCC_DYNAMIC_NO_PIC = NO;
				GCC_NO_COMMON_BLOCKS = YES;
				GCC_OPTIMIZATION_LEVEL = 0;
				GCC_PREPROCESSOR_DEFINITIONS = (
					"DEBUG=1",
					"$(inherited)",
				);
				GCC_WARN_64_TO_32_BIT_CONVERSION = YES;
				GCC_WARN_ABOUT_RETURN_TYPE = YES_ERROR;
				GCC_WARN_UNDECLARED_SELECTOR = YES;
				GCC_WARN_UNINITIALIZED_AUTOS = YES_AGGRESSIVE;
				GCC_WARN_UNUSED_FUNCTION = YES;
				GCC_WARN_UNUSED_VARIABLE = YES;
				IPHONEOS_DEPLOYMENT_TARGET = 11.0;
				MTL_ENABLE_DEBUG_INFO = INCLUDE_SOURCE;
				MTL_FAST_MATH = YES;
				ONLY_ACTIVE_ARCH = YES;
				SDKROOT = iphoneos;
				SWIFT_ACTIVE_COMPILATION_CONDITIONS = DEBUG;
				SWIFT_OPTIMIZATION_LEVEL = "-Onone";
			};
			name = Debug;
		};
		DF294DB924F021A0008200C2 /* Release */ = {
			isa = XCBuildConfiguration;
			buildSettings = {
				ALWAYS_SEARCH_USER_PATHS = NO;
				CLANG_ANALYZER_NONNULL = YES;
				CLANG_ANALYZER_NUMBER_OBJECT_CONVERSION = YES_AGGRESSIVE;
				CLANG_CXX_LANGUAGE_STANDARD = "gnu++14";
				CLANG_CXX_LIBRARY = "libc++";
				CLANG_ENABLE_MODULES = YES;
				CLANG_ENABLE_OBJC_ARC = YES;
				CLANG_ENABLE_OBJC_WEAK = YES;
				CLANG_WARN_BLOCK_CAPTURE_AUTORELEASING = YES;
				CLANG_WARN_BOOL_CONVERSION = YES;
				CLANG_WARN_COMMA = YES;
				CLANG_WARN_CONSTANT_CONVERSION = YES;
				CLANG_WARN_DEPRECATED_OBJC_IMPLEMENTATIONS = YES;
				CLANG_WARN_DIRECT_OBJC_ISA_USAGE = YES_ERROR;
				CLANG_WARN_DOCUMENTATION_COMMENTS = YES;
				CLANG_WARN_EMPTY_BODY = YES;
				CLANG_WARN_ENUM_CONVERSION = YES;
				CLANG_WARN_INFINITE_RECURSION = YES;
				CLANG_WARN_INT_CONVERSION = YES;
				CLANG_WARN_NON_LITERAL_NULL_CONVERSION = YES;
				CLANG_WARN_OBJC_IMPLICIT_RETAIN_SELF = YES;
				CLANG_WARN_OBJC_LITERAL_CONVERSION = YES;
				CLANG_WARN_OBJC_ROOT_CLASS = YES_ERROR;
				CLANG_WARN_RANGE_LOOP_ANALYSIS = YES;
				CLANG_WARN_STRICT_PROTOTYPES = YES;
				CLANG_WARN_SUSPICIOUS_MOVE = YES;
				CLANG_WARN_UNGUARDED_AVAILABILITY = YES_AGGRESSIVE;
				CLANG_WARN_UNREACHABLE_CODE = YES;
				CLANG_WARN__DUPLICATE_METHOD_MATCH = YES;
				COPY_PHASE_STRIP = NO;
				DEBUG_INFORMATION_FORMAT = "dwarf-with-dsym";
				ENABLE_NS_ASSERTIONS = NO;
				ENABLE_STRICT_OBJC_MSGSEND = YES;
				GCC_C_LANGUAGE_STANDARD = gnu11;
				GCC_NO_COMMON_BLOCKS = YES;
				GCC_WARN_64_TO_32_BIT_CONVERSION = YES;
				GCC_WARN_ABOUT_RETURN_TYPE = YES_ERROR;
				GCC_WARN_UNDECLARED_SELECTOR = YES;
				GCC_WARN_UNINITIALIZED_AUTOS = YES_AGGRESSIVE;
				GCC_WARN_UNUSED_FUNCTION = YES;
				GCC_WARN_UNUSED_VARIABLE = YES;
				IPHONEOS_DEPLOYMENT_TARGET = 11.0;
				MTL_ENABLE_DEBUG_INFO = NO;
				MTL_FAST_MATH = YES;
				SDKROOT = iphoneos;
				SWIFT_COMPILATION_MODE = wholemodule;
				SWIFT_OPTIMIZATION_LEVEL = "-O";
				VALIDATE_PRODUCT = YES;
			};
			name = Release;
		};
		DF294DBB24F021A0008200C2 /* Debug */ = {
			isa = XCBuildConfiguration;
			buildSettings = {
				ASSETCATALOG_COMPILER_APPICON_NAME = AppIcon;
				CODE_SIGN_STYLE = Automatic;
				DEVELOPMENT_TEAM = KYSJ4C32QR;
				FRAMEWORK_SEARCH_PATHS = (
					"$(inherited)",
					"$(PROJECT_DIR)/Carthage/Build/iOS",
				);
				INFOPLIST_FILE = "Weather-task/Info.plist";
				LD_RUNPATH_SEARCH_PATHS = (
					"$(inherited)",
					"@executable_path/Frameworks",
				);
				PRODUCT_BUNDLE_IDENTIFIER = "badfilling.Weather-task";
				PRODUCT_NAME = "$(TARGET_NAME)";
				SWIFT_VERSION = 5.0;
				TARGETED_DEVICE_FAMILY = "1,2";
			};
			name = Debug;
		};
		DF294DBC24F021A0008200C2 /* Release */ = {
			isa = XCBuildConfiguration;
			buildSettings = {
				ASSETCATALOG_COMPILER_APPICON_NAME = AppIcon;
				CODE_SIGN_STYLE = Automatic;
				DEVELOPMENT_TEAM = KYSJ4C32QR;
				FRAMEWORK_SEARCH_PATHS = (
					"$(inherited)",
					"$(PROJECT_DIR)/Carthage/Build/iOS",
				);
				INFOPLIST_FILE = "Weather-task/Info.plist";
				LD_RUNPATH_SEARCH_PATHS = (
					"$(inherited)",
					"@executable_path/Frameworks",
				);
				PRODUCT_BUNDLE_IDENTIFIER = "badfilling.Weather-task";
				PRODUCT_NAME = "$(TARGET_NAME)";
				SWIFT_VERSION = 5.0;
				TARGETED_DEVICE_FAMILY = "1,2";
			};
			name = Release;
		};
		DF294DBE24F021A0008200C2 /* Debug */ = {
			isa = XCBuildConfiguration;
			buildSettings = {
				ALWAYS_EMBED_SWIFT_STANDARD_LIBRARIES = YES;
				BUNDLE_LOADER = "$(TEST_HOST)";
				CODE_SIGN_STYLE = Automatic;
				DEVELOPMENT_TEAM = KYSJ4C32QR;
				FRAMEWORK_SEARCH_PATHS = (
					"$(inherited)",
					"$(PROJECT_DIR)/Carthage/Build/iOS",
				);
				INFOPLIST_FILE = "Weather-taskTests/Info.plist";
				IPHONEOS_DEPLOYMENT_TARGET = 13.6;
				LD_RUNPATH_SEARCH_PATHS = (
					"$(inherited)",
					"@executable_path/Frameworks",
					"@loader_path/Frameworks",
				);
				PRODUCT_BUNDLE_IDENTIFIER = "badfilling.Weather-taskTests";
				PRODUCT_NAME = "$(TARGET_NAME)";
				SWIFT_VERSION = 5.0;
				TARGETED_DEVICE_FAMILY = "1,2";
				TEST_HOST = "$(BUILT_PRODUCTS_DIR)/Weather-task.app/Weather-task";
			};
			name = Debug;
		};
		DF294DBF24F021A0008200C2 /* Release */ = {
			isa = XCBuildConfiguration;
			buildSettings = {
				ALWAYS_EMBED_SWIFT_STANDARD_LIBRARIES = YES;
				BUNDLE_LOADER = "$(TEST_HOST)";
				CODE_SIGN_STYLE = Automatic;
				DEVELOPMENT_TEAM = KYSJ4C32QR;
				FRAMEWORK_SEARCH_PATHS = (
					"$(inherited)",
					"$(PROJECT_DIR)/Carthage/Build/iOS",
				);
				INFOPLIST_FILE = "Weather-taskTests/Info.plist";
				IPHONEOS_DEPLOYMENT_TARGET = 13.6;
				LD_RUNPATH_SEARCH_PATHS = (
					"$(inherited)",
					"@executable_path/Frameworks",
					"@loader_path/Frameworks",
				);
				PRODUCT_BUNDLE_IDENTIFIER = "badfilling.Weather-taskTests";
				PRODUCT_NAME = "$(TARGET_NAME)";
				SWIFT_VERSION = 5.0;
				TARGETED_DEVICE_FAMILY = "1,2";
				TEST_HOST = "$(BUILT_PRODUCTS_DIR)/Weather-task.app/Weather-task";
			};
			name = Release;
		};
/* End XCBuildConfiguration section */

/* Begin XCConfigurationList section */
		DF294D9624F0219C008200C2 /* Build configuration list for PBXProject "Weather-task" */ = {
			isa = XCConfigurationList;
			buildConfigurations = (
				DF294DB824F021A0008200C2 /* Debug */,
				DF294DB924F021A0008200C2 /* Release */,
			);
			defaultConfigurationIsVisible = 0;
			defaultConfigurationName = Release;
		};
		DF294DBA24F021A0008200C2 /* Build configuration list for PBXNativeTarget "Weather-task" */ = {
			isa = XCConfigurationList;
			buildConfigurations = (
				DF294DBB24F021A0008200C2 /* Debug */,
				DF294DBC24F021A0008200C2 /* Release */,
			);
			defaultConfigurationIsVisible = 0;
			defaultConfigurationName = Release;
		};
		DF294DBD24F021A0008200C2 /* Build configuration list for PBXNativeTarget "Weather-taskTests" */ = {
			isa = XCConfigurationList;
			buildConfigurations = (
				DF294DBE24F021A0008200C2 /* Debug */,
				DF294DBF24F021A0008200C2 /* Release */,
			);
			defaultConfigurationIsVisible = 0;
			defaultConfigurationName = Release;
		};
/* End XCConfigurationList section */
	};
	rootObject = DF294D9324F0219C008200C2 /* Project object */;
}
